
Microsoft Visual Studio Solution File, Format Version 12.00
# Visual Studio Version 16
VisualStudioVersion = 16.0.31205.134
MinimumVisualStudioVersion = 10.0.40219.1
Project("{FAE04EC0-301F-11D3-BF4B-00C04F79EFBC}") = "CompanyEmployees", "CompanyEmployees\CompanyEmployees.csproj", "{A702BA31-C7D0-412A-9056-62987D151461}"
EndProject
Project("{FAE04EC0-301F-11D3-BF4B-00C04F79EFBC}") = "Contracts", "Contracts\Contracts.csproj", "{89E03D5F-3091-4365-8A10-A55BFA982C5F}"
EndProject
Project("{FAE04EC0-301F-11D3-BF4B-00C04F79EFBC}") = "LoggerService", "LoggerService\LoggerService.csproj", "{40C94560-A51A-4DD4-A4A8-096DC0820CCD}"
EndProject
Project("{FAE04EC0-301F-11D3-BF4B-00C04F79EFBC}") = "Entities", "Entities\Entities.csproj", "{0234490B-B520-4C9B-9DC2-51348556ED7C}"
EndProject
Project("{FAE04EC0-301F-11D3-BF4B-00C04F79EFBC}") = "Repository", "Repository\Repository.csproj", "{EC96CF49-5512-4A60-8D6C-35003DCE4F36}"
EndProject
Global
	GlobalSection(SolutionConfigurationPlatforms) = preSolution
		Debug|Any CPU = Debug|Any CPU
		Release|Any CPU = Release|Any CPU
	EndGlobalSection
	GlobalSection(ProjectConfigurationPlatforms) = postSolution
		{A702BA31-C7D0-412A-9056-62987D151461}.Debug|Any CPU.ActiveCfg = Debug|Any CPU
		{A702BA31-C7D0-412A-9056-62987D151461}.Debug|Any CPU.Build.0 = Debug|Any CPU
		{A702BA31-C7D0-412A-9056-62987D151461}.Release|Any CPU.ActiveCfg = Release|Any CPU
		{A702BA31-C7D0-412A-9056-62987D151461}.Release|Any CPU.Build.0 = Release|Any CPU
		{89E03D5F-3091-4365-8A10-A55BFA982C5F}.Debug|Any CPU.ActiveCfg = Debug|Any CPU
		{89E03D5F-3091-4365-8A10-A55BFA982C5F}.Debug|Any CPU.Build.0 = Debug|Any CPU
		{89E03D5F-3091-4365-8A10-A55BFA982C5F}.Release|Any CPU.ActiveCfg = Release|Any CPU
		{89E03D5F-3091-4365-8A10-A55BFA982C5F}.Release|Any CPU.Build.0 = Release|Any CPU
		{40C94560-A51A-4DD4-A4A8-096DC0820CCD}.Debug|Any CPU.ActiveCfg = Debug|Any CPU
		{40C94560-A51A-4DD4-A4A8-096DC0820CCD}.Debug|Any CPU.Build.0 = Debug|Any CPU
		{40C94560-A51A-4DD4-A4A8-096DC0820CCD}.Release|Any CPU.ActiveCfg = Release|Any CPU
		{40C94560-A51A-4DD4-A4A8-096DC0820CCD}.Release|Any CPU.Build.0 = Release|Any CPU
		{0234490B-B520-4C9B-9DC2-51348556ED7C}.Debug|Any CPU.ActiveCfg = Debug|Any CPU
		{0234490B-B520-4C9B-9DC2-51348556ED7C}.Debug|Any CPU.Build.0 = Debug|Any CPU
		{0234490B-B520-4C9B-9DC2-51348556ED7C}.Release|Any CPU.ActiveCfg = Release|Any CPU
		{0234490B-B520-4C9B-9DC2-51348556ED7C}.Release|Any CPU.Build.0 = Release|Any CPU
		{EC96CF49-5512-4A60-8D6C-35003DCE4F36}.Debug|Any CPU.ActiveCfg = Debug|Any CPU
		{EC96CF49-5512-4A60-8D6C-35003DCE4F36}.Debug|Any CPU.Build.0 = Debug|Any CPU
		{EC96CF49-5512-4A60-8D6C-35003DCE4F36}.Release|Any CPU.ActiveCfg = Release|Any CPU
		{EC96CF49-5512-4A60-8D6C-35003DCE4F36}.Release|Any CPU.Build.0 = Release|Any CPU
	EndGlobalSection
	GlobalSection(SolutionProperties) = preSolution
		HideSolutionNode = FALSE
	EndGlobalSection
	GlobalSection(ExtensibilityGlobals) = postSolution
		SolutionGuid = {D608A83B-53FB-4498-A187-16F6079C018F}
	EndGlobalSection
EndGlobal
